
Microsoft Visual Studio Solution File, Format Version 12.00
# Visual Studio Version 17
VisualStudioVersion = 17.3.32901.215
MinimumVisualStudioVersion = 10.0.40219.1
Project("{2150E333-8FDC-42A3-9474-1A3956D46DE8}") = "ApiConsume", "ApiConsume", "{0E150E44-AA45-4EAC-B8C1-4CAE0FE628BF}"
EndProject
Project("{2150E333-8FDC-42A3-9474-1A3956D46DE8}") = "Frontend", "Frontend", "{785AF264-AC0D-40FE-9358-47076A0961CB}"
EndProject
Project("{9A19103F-16F7-4668-BE54-9A1E7A4F7556}") = "RelockWebApi", "ApiConsume\RelockWebApi\RelockWebApi.csproj", "{729ECF4D-662E-4AA7-8982-35F10D09D8D8}"
EndProject
Project("{9A19103F-16F7-4668-BE54-9A1E7A4F7556}") = "RelockProject.EntityLayer", "ApiConsume\RelockProject.EntityLayer\RelockProject.EntityLayer.csproj", "{D5623C51-3EBF-4DC0-AD06-C1D5632B3EC2}"
EndProject
Project("{9A19103F-16F7-4668-BE54-9A1E7A4F7556}") = "RelockProject.DataAccessLayer", "ApiConsume\RelockProject.DataAccessLayer\RelockProject.DataAccessLayer.csproj", "{028C82DB-EF7D-4082-97D3-39B0C96E4080}"
EndProject
Project("{9A19103F-16F7-4668-BE54-9A1E7A4F7556}") = "RelockProject.BusinessLayer", "ApiConsume\RelockProject.BusinessLayer\RelockProject.BusinessLayer.csproj", "{59AA0009-D2B9-431C-9272-9558F88D469F}"
EndProject
Project("{9A19103F-16F7-4668-BE54-9A1E7A4F7556}") = "RelockProject.DtoLayer", "ApiConsume\RelockProject.DtoLayer\RelockProject.DtoLayer.csproj", "{01B4E4DA-18BD-4520-8A4A-A8304920B869}"
EndProject
Project("{9A19103F-16F7-4668-BE54-9A1E7A4F7556}") = "RelockProject.WebUI", "Frontend\RelockProject.WebUI\RelockProject.WebUI.csproj", "{DAEE8754-5DA7-4E34-B8E1-DFC3222C803D}"
EndProject
Global
	GlobalSection(SolutionConfigurationPlatforms) = preSolution
		Debug|Any CPU = Debug|Any CPU
		Release|Any CPU = Release|Any CPU
	EndGlobalSection
	GlobalSection(ProjectConfigurationPlatforms) = postSolution
		{729ECF4D-662E-4AA7-8982-35F10D09D8D8}.Debug|Any CPU.ActiveCfg = Debug|Any CPU
		{729ECF4D-662E-4AA7-8982-35F10D09D8D8}.Debug|Any CPU.Build.0 = Debug|Any CPU
		{729ECF4D-662E-4AA7-8982-35F10D09D8D8}.Release|Any CPU.ActiveCfg = Release|Any CPU
		{729ECF4D-662E-4AA7-8982-35F10D09D8D8}.Release|Any CPU.Build.0 = Release|Any CPU
		{D5623C51-3EBF-4DC0-AD06-C1D5632B3EC2}.Debug|Any CPU.ActiveCfg = Debug|Any CPU
		{D5623C51-3EBF-4DC0-AD06-C1D5632B3EC2}.Debug|Any CPU.Build.0 = Debug|Any CPU
		{D5623C51-3EBF-4DC0-AD06-C1D5632B3EC2}.Release|Any CPU.ActiveCfg = Release|Any CPU
		{D5623C51-3EBF-4DC0-AD06-C1D5632B3EC2}.Release|Any CPU.Build.0 = Release|Any CPU
		{028C82DB-EF7D-4082-97D3-39B0C96E4080}.Debug|Any CPU.ActiveCfg = Debug|Any CPU
		{028C82DB-EF7D-4082-97D3-39B0C96E4080}.Debug|Any CPU.Build.0 = Debug|Any CPU
		{028C82DB-EF7D-4082-97D3-39B0C96E4080}.Release|Any CPU.ActiveCfg = Release|Any CPU
		{028C82DB-EF7D-4082-97D3-39B0C96E4080}.Release|Any CPU.Build.0 = Release|Any CPU
		{59AA0009-D2B9-431C-9272-9558F88D469F}.Debug|Any CPU.ActiveCfg = Debug|Any CPU
		{59AA0009-D2B9-431C-9272-9558F88D469F}.Debug|Any CPU.Build.0 = Debug|Any CPU
		{59AA0009-D2B9-431C-9272-9558F88D469F}.Release|Any CPU.ActiveCfg = Release|Any CPU
		{59AA0009-D2B9-431C-9272-9558F88D469F}.Release|Any CPU.Build.0 = Release|Any CPU
		{01B4E4DA-18BD-4520-8A4A-A8304920B869}.Debug|Any CPU.ActiveCfg = Debug|Any CPU
		{01B4E4DA-18BD-4520-8A4A-A8304920B869}.Debug|Any CPU.Build.0 = Debug|Any CPU
		{01B4E4DA-18BD-4520-8A4A-A8304920B869}.Release|Any CPU.ActiveCfg = Release|Any CPU
		{01B4E4DA-18BD-4520-8A4A-A8304920B869}.Release|Any CPU.Build.0 = Release|Any CPU
		{DAEE8754-5DA7-4E34-B8E1-DFC3222C803D}.Debug|Any CPU.ActiveCfg = Debug|Any CPU
		{DAEE8754-5DA7-4E34-B8E1-DFC3222C803D}.Debug|Any CPU.Build.0 = Debug|Any CPU
		{DAEE8754-5DA7-4E34-B8E1-DFC3222C803D}.Release|Any CPU.ActiveCfg = Release|Any CPU
		{DAEE8754-5DA7-4E34-B8E1-DFC3222C803D}.Release|Any CPU.Build.0 = Release|Any CPU
	EndGlobalSection
	GlobalSection(SolutionProperties) = preSolution
		HideSolutionNode = FALSE
	EndGlobalSection
	GlobalSection(NestedProjects) = preSolution
		{729ECF4D-662E-4AA7-8982-35F10D09D8D8} = {0E150E44-AA45-4EAC-B8C1-4CAE0FE628BF}
		{D5623C51-3EBF-4DC0-AD06-C1D5632B3EC2} = {0E150E44-AA45-4EAC-B8C1-4CAE0FE628BF}
		{028C82DB-EF7D-4082-97D3-39B0C96E4080} = {0E150E44-AA45-4EAC-B8C1-4CAE0FE628BF}
		{59AA0009-D2B9-431C-9272-9558F88D469F} = {0E150E44-AA45-4EAC-B8C1-4CAE0FE628BF}
		{01B4E4DA-18BD-4520-8A4A-A8304920B869} = {0E150E44-AA45-4EAC-B8C1-4CAE0FE628BF}
		{DAEE8754-5DA7-4E34-B8E1-DFC3222C803D} = {785AF264-AC0D-40FE-9358-47076A0961CB}
	EndGlobalSection
	GlobalSection(ExtensibilityGlobals) = postSolution
		SolutionGuid = {4856B4C6-B213-4D74-A334-F0AA3DC3983F}
	EndGlobalSection
EndGlobal
